
Microsoft Visual Studio Solution File, Format Version 12.00
# Visual Studio Version 17
VisualStudioVersion = 17.4.33122.133
MinimumVisualStudioVersion = 10.0.40219.1
Project("{FAE04EC0-301F-11D3-BF4B-00C04F79EFBC}") = "View", "View\View.csproj", "{4045C612-0CB6-417F-89DD-6444143CE87B}"
EndProject
Project("{FAE04EC0-301F-11D3-BF4B-00C04F79EFBC}") = "ViewModel", "ViewModel\ViewModel.csproj", "{D52A7F53-9BFE-42BE-93FA-20E87AC63A0C}"
EndProject
Project("{FAE04EC0-301F-11D3-BF4B-00C04F79EFBC}") = "Model", "Model\Model.csproj", "{A896EFB2-8155-434F-BB0F-14655EDEE2EF}"
EndProject
Project("{FAE04EC0-301F-11D3-BF4B-00C04F79EFBC}") = "Shared", "Shared\Shared.csproj", "{A2DF57E8-E9D4-42B1-87CF-152F1CA27BE2}"
EndProject
Global
	GlobalSection(SolutionConfigurationPlatforms) = preSolution
		17022024version|Any CPU = 17022024version|Any CPU
		17022024version|x64 = 17022024version|x64
		Debug|Any CPU = Debug|Any CPU
		Debug|x64 = Debug|x64
		Release|Any CPU = Release|Any CPU
		Release|x64 = Release|x64
		test|Any CPU = test|Any CPU
		test|x64 = test|x64
	EndGlobalSection
	GlobalSection(ProjectConfigurationPlatforms) = postSolution
		{4045C612-0CB6-417F-89DD-6444143CE87B}.17022024version|Any CPU.ActiveCfg = 17022024version|Any CPU
		{4045C612-0CB6-417F-89DD-6444143CE87B}.17022024version|Any CPU.Build.0 = 17022024version|Any CPU
		{4045C612-0CB6-417F-89DD-6444143CE87B}.17022024version|x64.ActiveCfg = 17022024version|x64
		{4045C612-0CB6-417F-89DD-6444143CE87B}.17022024version|x64.Build.0 = 17022024version|x64
		{4045C612-0CB6-417F-89DD-6444143CE87B}.Debug|Any CPU.ActiveCfg = Debug|Any CPU
		{4045C612-0CB6-417F-89DD-6444143CE87B}.Debug|Any CPU.Build.0 = Debug|Any CPU
		{4045C612-0CB6-417F-89DD-6444143CE87B}.Debug|x64.ActiveCfg = Debug|x64
		{4045C612-0CB6-417F-89DD-6444143CE87B}.Debug|x64.Build.0 = Debug|x64
		{4045C612-0CB6-417F-89DD-6444143CE87B}.Release|Any CPU.ActiveCfg = Release|Any CPU
		{4045C612-0CB6-417F-89DD-6444143CE87B}.Release|Any CPU.Build.0 = Release|Any CPU
		{4045C612-0CB6-417F-89DD-6444143CE87B}.Release|x64.ActiveCfg = Release|x64
		{4045C612-0CB6-417F-89DD-6444143CE87B}.Release|x64.Build.0 = Release|x64
		{4045C612-0CB6-417F-89DD-6444143CE87B}.test|Any CPU.ActiveCfg = test|Any CPU
		{4045C612-0CB6-417F-89DD-6444143CE87B}.test|Any CPU.Build.0 = test|Any CPU
		{4045C612-0CB6-417F-89DD-6444143CE87B}.test|x64.ActiveCfg = test|x64
		{4045C612-0CB6-417F-89DD-6444143CE87B}.test|x64.Build.0 = test|x64
		{D52A7F53-9BFE-42BE-93FA-20E87AC63A0C}.17022024version|Any CPU.ActiveCfg = 17022024version|Any CPU
		{D52A7F53-9BFE-42BE-93FA-20E87AC63A0C}.17022024version|Any CPU.Build.0 = 17022024version|Any CPU
		{D52A7F53-9BFE-42BE-93FA-20E87AC63A0C}.17022024version|x64.ActiveCfg = 17022024version|Any CPU
		{D52A7F53-9BFE-42BE-93FA-20E87AC63A0C}.17022024version|x64.Build.0 = 17022024version|Any CPU
		{D52A7F53-9BFE-42BE-93FA-20E87AC63A0C}.Debug|Any CPU.ActiveCfg = Debug|Any CPU
		{D52A7F53-9BFE-42BE-93FA-20E87AC63A0C}.Debug|Any CPU.Build.0 = Debug|Any CPU
		{D52A7F53-9BFE-42BE-93FA-20E87AC63A0C}.Debug|x64.ActiveCfg = Debug|Any CPU
		{D52A7F53-9BFE-42BE-93FA-20E87AC63A0C}.Debug|x64.Build.0 = Debug|Any CPU
		{D52A7F53-9BFE-42BE-93FA-20E87AC63A0C}.Release|Any CPU.ActiveCfg = Release|Any CPU
		{D52A7F53-9BFE-42BE-93FA-20E87AC63A0C}.Release|Any CPU.Build.0 = Release|Any CPU
		{D52A7F53-9BFE-42BE-93FA-20E87AC63A0C}.Release|x64.ActiveCfg = Release|Any CPU
		{D52A7F53-9BFE-42BE-93FA-20E87AC63A0C}.Release|x64.Build.0 = Release|Any CPU
		{D52A7F53-9BFE-42BE-93FA-20E87AC63A0C}.test|Any CPU.ActiveCfg = test|Any CPU
		{D52A7F53-9BFE-42BE-93FA-20E87AC63A0C}.test|Any CPU.Build.0 = test|Any CPU
		{D52A7F53-9BFE-42BE-93FA-20E87AC63A0C}.test|x64.ActiveCfg = test|Any CPU
		{D52A7F53-9BFE-42BE-93FA-20E87AC63A0C}.test|x64.Build.0 = test|Any CPU
		{A896EFB2-8155-434F-BB0F-14655EDEE2EF}.17022024version|Any CPU.ActiveCfg = 17022024version|Any CPU
		{A896EFB2-8155-434F-BB0F-14655EDEE2EF}.17022024version|Any CPU.Build.0 = 17022024version|Any CPU
		{A896EFB2-8155-434F-BB0F-14655EDEE2EF}.17022024version|x64.ActiveCfg = 17022024version|Any CPU
		{A896EFB2-8155-434F-BB0F-14655EDEE2EF}.17022024version|x64.Build.0 = 17022024version|Any CPU
		{A896EFB2-8155-434F-BB0F-14655EDEE2EF}.Debug|Any CPU.ActiveCfg = Debug|Any CPU
		{A896EFB2-8155-434F-BB0F-14655EDEE2EF}.Debug|Any CPU.Build.0 = Debug|Any CPU
		{A896EFB2-8155-434F-BB0F-14655EDEE2EF}.Debug|x64.ActiveCfg = Debug|Any CPU
		{A896EFB2-8155-434F-BB0F-14655EDEE2EF}.Debug|x64.Build.0 = Debug|Any CPU
		{A896EFB2-8155-434F-BB0F-14655EDEE2EF}.Release|Any CPU.ActiveCfg = Release|Any CPU
		{A896EFB2-8155-434F-BB0F-14655EDEE2EF}.Release|Any CPU.Build.0 = Release|Any CPU
		{A896EFB2-8155-434F-BB0F-14655EDEE2EF}.Release|x64.ActiveCfg = Release|Any CPU
		{A896EFB2-8155-434F-BB0F-14655EDEE2EF}.Release|x64.Build.0 = Release|Any CPU
		{A896EFB2-8155-434F-BB0F-14655EDEE2EF}.test|Any CPU.ActiveCfg = test|Any CPU
		{A896EFB2-8155-434F-BB0F-14655EDEE2EF}.test|Any CPU.Build.0 = test|Any CPU
		{A896EFB2-8155-434F-BB0F-14655EDEE2EF}.test|x64.ActiveCfg = test|Any CPU
		{A896EFB2-8155-434F-BB0F-14655EDEE2EF}.test|x64.Build.0 = test|Any CPU
		{A2DF57E8-E9D4-42B1-87CF-152F1CA27BE2}.17022024version|Any CPU.ActiveCfg = Debug|Any CPU
		{A2DF57E8-E9D4-42B1-87CF-152F1CA27BE2}.17022024version|Any CPU.Build.0 = Debug|Any CPU
		{A2DF57E8-E9D4-42B1-87CF-152F1CA27BE2}.17022024version|x64.ActiveCfg = Debug|Any CPU
		{A2DF57E8-E9D4-42B1-87CF-152F1CA27BE2}.17022024version|x64.Build.0 = Debug|Any CPU
		{A2DF57E8-E9D4-42B1-87CF-152F1CA27BE2}.Debug|Any CPU.ActiveCfg = Debug|Any CPU
		{A2DF57E8-E9D4-42B1-87CF-152F1CA27BE2}.Debug|Any CPU.Build.0 = Debug|Any CPU
		{A2DF57E8-E9D4-42B1-87CF-152F1CA27BE2}.Debug|x64.ActiveCfg = Debug|Any CPU
		{A2DF57E8-E9D4-42B1-87CF-152F1CA27BE2}.Debug|x64.Build.0 = Debug|Any CPU
		{A2DF57E8-E9D4-42B1-87CF-152F1CA27BE2}.Release|Any CPU.ActiveCfg = Release|Any CPU
		{A2DF57E8-E9D4-42B1-87CF-152F1CA27BE2}.Release|Any CPU.Build.0 = Release|Any CPU
		{A2DF57E8-E9D4-42B1-87CF-152F1CA27BE2}.Release|x64.ActiveCfg = Release|Any CPU
		{A2DF57E8-E9D4-42B1-87CF-152F1CA27BE2}.Release|x64.Build.0 = Release|Any CPU
		{A2DF57E8-E9D4-42B1-87CF-152F1CA27BE2}.test|Any CPU.ActiveCfg = Debug|Any CPU
		{A2DF57E8-E9D4-42B1-87CF-152F1CA27BE2}.test|Any CPU.Build.0 = Debug|Any CPU
		{A2DF57E8-E9D4-42B1-87CF-152F1CA27BE2}.test|x64.ActiveCfg = Debug|Any CPU
		{A2DF57E8-E9D4-42B1-87CF-152F1CA27BE2}.test|x64.Build.0 = Debug|Any CPU
	EndGlobalSection
	GlobalSection(SolutionProperties) = preSolution
		HideSolutionNode = FALSE
	EndGlobalSection
	GlobalSection(ExtensibilityGlobals) = postSolution
		SolutionGuid = {E6FCDBE5-303B-40D5-BFD6-3E21473BEBEE}
	EndGlobalSection
EndGlobal
